// !$*UTF8*$!
{
	archiveVersion = 1;
	classes = {
	};
	objectVersion = 56;
	objects = {

/* Begin PBXBuildFile section */
		1DDA3CDD41DCE3703F5C5F47 /* Pods_TranslationSpeechToText.framework in Frameworks */ = {isa = PBXBuildFile; fileRef = 2D47F7974D2EA362ED72B4CB /* Pods_TranslationSpeechToText.framework */; };
		CF5B083129E64C2400E51EB2 /* AppDelegate.swift in Sources */ = {isa = PBXBuildFile; fileRef = CF5B083029E64C2400E51EB2 /* AppDelegate.swift */; };
		CF5B083329E64C2400E51EB2 /* SceneDelegate.swift in Sources */ = {isa = PBXBuildFile; fileRef = CF5B083229E64C2400E51EB2 /* SceneDelegate.swift */; };
		CF5B083529E64C2400E51EB2 /* ViewController.swift in Sources */ = {isa = PBXBuildFile; fileRef = CF5B083429E64C2400E51EB2 /* ViewController.swift */; };
		CF5B083829E64C2400E51EB2 /* Main.storyboard in Resources */ = {isa = PBXBuildFile; fileRef = CF5B083629E64C2400E51EB2 /* Main.storyboard */; };
		CF5B083B29E64C2400E51EB2 /* TranslationSpeechToText.xcdatamodeld in Sources */ = {isa = PBXBuildFile; fileRef = CF5B083929E64C2400E51EB2 /* TranslationSpeechToText.xcdatamodeld */; };
		CF5B083D29E64C2900E51EB2 /* Assets.xcassets in Resources */ = {isa = PBXBuildFile; fileRef = CF5B083C29E64C2900E51EB2 /* Assets.xcassets */; };
		CF5B084029E64C2900E51EB2 /* LaunchScreen.storyboard in Resources */ = {isa = PBXBuildFile; fileRef = CF5B083E29E64C2900E51EB2 /* LaunchScreen.storyboard */; };
		CFE8E7A429E68BCC0085FF94 /* GoogleTranslate.swift in Sources */ = {isa = PBXBuildFile; fileRef = CFE8E7A329E68BCA0085FF94 /* GoogleTranslate.swift */; };
/* End PBXBuildFile section */

/* Begin PBXFileReference section */
		086A1E960F0706B5533C53CA /* Pods-TranslationSpeechToText.debug.xcconfig */ = {isa = PBXFileReference; includeInIndex = 1; lastKnownFileType = text.xcconfig; name = "Pods-TranslationSpeechToText.debug.xcconfig"; path = "Target Support Files/Pods-TranslationSpeechToText/Pods-TranslationSpeechToText.debug.xcconfig"; sourceTree = "<group>"; };
		2D47F7974D2EA362ED72B4CB /* Pods_TranslationSpeechToText.framework */ = {isa = PBXFileReference; explicitFileType = wrapper.framework; includeInIndex = 0; path = Pods_TranslationSpeechToText.framework; sourceTree = BUILT_PRODUCTS_DIR; };
		89D5A214E168E6F88163CDC7 /* Pods-TranslationSpeechToText.release.xcconfig */ = {isa = PBXFileReference; includeInIndex = 1; lastKnownFileType = text.xcconfig; name = "Pods-TranslationSpeechToText.release.xcconfig"; path = "Target Support Files/Pods-TranslationSpeechToText/Pods-TranslationSpeechToText.release.xcconfig"; sourceTree = "<group>"; };
		CF5B082D29E64C2300E51EB2 /* TranslationSpeechToText.app */ = {isa = PBXFileReference; explicitFileType = wrapper.application; includeInIndex = 0; path = TranslationSpeechToText.app; sourceTree = BUILT_PRODUCTS_DIR; };
		CF5B083029E64C2400E51EB2 /* AppDelegate.swift */ = {isa = PBXFileReference; lastKnownFileType = sourcecode.swift; path = AppDelegate.swift; sourceTree = "<group>"; };
		CF5B083229E64C2400E51EB2 /* SceneDelegate.swift */ = {isa = PBXFileReference; lastKnownFileType = sourcecode.swift; path = SceneDelegate.swift; sourceTree = "<group>"; };
		CF5B083429E64C2400E51EB2 /* ViewController.swift */ = {isa = PBXFileReference; lastKnownFileType = sourcecode.swift; path = ViewController.swift; sourceTree = "<group>"; };
		CF5B083729E64C2400E51EB2 /* Base */ = {isa = PBXFileReference; lastKnownFileType = file.storyboard; name = Base; path = Base.lproj/Main.storyboard; sourceTree = "<group>"; };
		CF5B083A29E64C2400E51EB2 /* TranslationSpeechToText.xcdatamodel */ = {isa = PBXFileReference; lastKnownFileType = wrapper.xcdatamodel; path = TranslationSpeechToText.xcdatamodel; sourceTree = "<group>"; };
		CF5B083C29E64C2900E51EB2 /* Assets.xcassets */ = {isa = PBXFileReference; lastKnownFileType = folder.assetcatalog; path = Assets.xcassets; sourceTree = "<group>"; };
		CF5B083F29E64C2900E51EB2 /* Base */ = {isa = PBXFileReference; lastKnownFileType = file.storyboard; name = Base; path = Base.lproj/LaunchScreen.storyboard; sourceTree = "<group>"; };
		CF5B084129E64C2900E51EB2 /* Info.plist */ = {isa = PBXFileReference; lastKnownFileType = text.plist.xml; path = Info.plist; sourceTree = "<group>"; };
		CFE8E7A329E68BCA0085FF94 /* GoogleTranslate.swift */ = {isa = PBXFileReference; lastKnownFileType = sourcecode.swift; path = GoogleTranslate.swift; sourceTree = "<group>"; };
/* End PBXFileReference section */

/* Begin PBXFrameworksBuildPhase section */
		CF5B082A29E64C2300E51EB2 /* Frameworks */ = {
			isa = PBXFrameworksBuildPhase;
			buildActionMask = 2147483647;
			files = (
				1DDA3CDD41DCE3703F5C5F47 /* Pods_TranslationSpeechToText.framework in Frameworks */,
			);
			runOnlyForDeploymentPostprocessing = 0;
		};
/* End PBXFrameworksBuildPhase section */

/* Begin PBXGroup section */
		2C94C29B58EEF95379A23699 /* Frameworks */ = {
			isa = PBXGroup;
			children = (
				2D47F7974D2EA362ED72B4CB /* Pods_TranslationSpeechToText.framework */,
			);
			name = Frameworks;
			sourceTree = "<group>";
		};
		CF5B082429E64C2300E51EB2 = {
			isa = PBXGroup;
			children = (
				CF5B082F29E64C2300E51EB2 /* TranslationSpeechToText */,
				CF5B082E29E64C2300E51EB2 /* Products */,
				F25FF0B006AF998B33DA2C25 /* Pods */,
				2C94C29B58EEF95379A23699 /* Frameworks */,
			);
			sourceTree = "<group>";
		};
		CF5B082E29E64C2300E51EB2 /* Products */ = {
			isa = PBXGroup;
			children = (
				CF5B082D29E64C2300E51EB2 /* TranslationSpeechToText.app */,
			);
			name = Products;
			sourceTree = "<group>";
		};
		CF5B082F29E64C2300E51EB2 /* TranslationSpeechToText */ = {
			isa = PBXGroup;
			children = (
				CF5B083029E64C2400E51EB2 /* AppDelegate.swift */,
				CF5B083229E64C2400E51EB2 /* SceneDelegate.swift */,
				CF5B083429E64C2400E51EB2 /* ViewController.swift */,
				CFE8E7A329E68BCA0085FF94 /* GoogleTranslate.swift */,
				CF5B083629E64C2400E51EB2 /* Main.storyboard */,
				CF5B083C29E64C2900E51EB2 /* Assets.xcassets */,
				CF5B083E29E64C2900E51EB2 /* LaunchScreen.storyboard */,
				CF5B084129E64C2900E51EB2 /* Info.plist */,
				CF5B083929E64C2400E51EB2 /* TranslationSpeechToText.xcdatamodeld */,
			);
			path = TranslationSpeechToText;
			sourceTree = "<group>";
		};
		F25FF0B006AF998B33DA2C25 /* Pods */ = {
			isa = PBXGroup;
			children = (
				086A1E960F0706B5533C53CA /* Pods-TranslationSpeechToText.debug.xcconfig */,
				89D5A214E168E6F88163CDC7 /* Pods-TranslationSpeechToText.release.xcconfig */,
			);
			path = Pods;
			sourceTree = "<group>";
		};
/* End PBXGroup section */

/* Begin PBXNativeTarget section */
		CF5B082C29E64C2300E51EB2 /* TranslationSpeechToText */ = {
			isa = PBXNativeTarget;
			buildConfigurationList = CF5B084429E64C2900E51EB2 /* Build configuration list for PBXNativeTarget "TranslationSpeechToText" */;
			buildPhases = (
				27A08D33FF6BA8959925FF8E /* [CP] Check Pods Manifest.lock */,
				CF5B082929E64C2300E51EB2 /* Sources */,
				CF5B082A29E64C2300E51EB2 /* Frameworks */,
				CF5B082B29E64C2300E51EB2 /* Resources */,
				8C8499EABC583D9199477756 /* [CP] Embed Pods Frameworks */,
				46F5BFF3897D439B868995C3 /* [CP] Copy Pods Resources */,
			);
			buildRules = (
			);
			dependencies = (
			);
			name = TranslationSpeechToText;
			productName = TranslationSpeechToText;
			productReference = CF5B082D29E64C2300E51EB2 /* TranslationSpeechToText.app */;
			productType = "com.apple.product-type.application";
		};
/* End PBXNativeTarget section */

/* Begin PBXProject section */
		CF5B082529E64C2300E51EB2 /* Project object */ = {
			isa = PBXProject;
			attributes = {
				BuildIndependentTargetsInParallel = 1;
				LastSwiftUpdateCheck = 1420;
				LastUpgradeCheck = 1420;
				TargetAttributes = {
					CF5B082C29E64C2300E51EB2 = {
						CreatedOnToolsVersion = 14.2;
					};
				};
			};
			buildConfigurationList = CF5B082829E64C2300E51EB2 /* Build configuration list for PBXProject "TranslationSpeechToText" */;
			compatibilityVersion = "Xcode 14.0";
			developmentRegion = en;
			hasScannedForEncodings = 0;
			knownRegions = (
				en,
				Base,
			);
			mainGroup = CF5B082429E64C2300E51EB2;
			productRefGroup = CF5B082E29E64C2300E51EB2 /* Products */;
			projectDirPath = "";
			projectRoot = "";
			targets = (
				CF5B082C29E64C2300E51EB2 /* TranslationSpeechToText */,
			);
		};
/* End PBXProject section */

/* Begin PBXResourcesBuildPhase section */
		CF5B082B29E64C2300E51EB2 /* Resources */ = {
			isa = PBXResourcesBuildPhase;
			buildActionMask = 2147483647;
			files = (
				CF5B084029E64C2900E51EB2 /* LaunchScreen.storyboard in Resources */,
				CF5B083D29E64C2900E51EB2 /* Assets.xcassets in Resources */,
				CF5B083829E64C2400E51EB2 /* Main.storyboard in Resources */,
			);
			runOnlyForDeploymentPostprocessing = 0;
		};
/* End PBXResourcesBuildPhase section */

/* Begin PBXShellScriptBuildPhase section */
		27A08D33FF6BA8959925FF8E /* [CP] Check Pods Manifest.lock */ = {
			isa = PBXShellScriptBuildPhase;
			buildActionMask = 2147483647;
			files = (
			);
			inputFileListPaths = (
			);
			inputPaths = (
				"${PODS_PODFILE_DIR_PATH}/Podfile.lock",
				"${PODS_ROOT}/Manifest.lock",
			);
			name = "[CP] Check Pods Manifest.lock";
			outputFileListPaths = (
			);
			outputPaths = (
				"$(DERIVED_FILE_DIR)/Pods-TranslationSpeechToText-checkManifestLockResult.txt",
			);
			runOnlyForDeploymentPostprocessing = 0;
			shellPath = /bin/sh;
			shellScript = "diff \"${PODS_PODFILE_DIR_PATH}/Podfile.lock\" \"${PODS_ROOT}/Manifest.lock\" > /dev/null\nif [ $? != 0 ] ; then\n    # print error to STDERR\n    echo \"error: The sandbox is not in sync with the Podfile.lock. Run 'pod install' or update your CocoaPods installation.\" >&2\n    exit 1\nfi\n# This output is used by Xcode 'outputs' to avoid re-running this script phase.\necho \"SUCCESS\" > \"${SCRIPT_OUTPUT_FILE_0}\"\n";
			showEnvVarsInLog = 0;
		};
		46F5BFF3897D439B868995C3 /* [CP] Copy Pods Resources */ = {
			isa = PBXShellScriptBuildPhase;
			buildActionMask = 2147483647;
			files = (
			);
			inputFileListPaths = (
				"${PODS_ROOT}/Target Support Files/Pods-TranslationSpeechToText/Pods-TranslationSpeechToText-resources-${CONFIGURATION}-input-files.xcfilelist",
			);
			name = "[CP] Copy Pods Resources";
			outputFileListPaths = (
				"${PODS_ROOT}/Target Support Files/Pods-TranslationSpeechToText/Pods-TranslationSpeechToText-resources-${CONFIGURATION}-output-files.xcfilelist",
			);
			runOnlyForDeploymentPostprocessing = 0;
			shellPath = /bin/sh;
			shellScript = "\"${PODS_ROOT}/Target Support Files/Pods-TranslationSpeechToText/Pods-TranslationSpeechToText-resources.sh\"\n";
			showEnvVarsInLog = 0;
		};
		8C8499EABC583D9199477756 /* [CP] Embed Pods Frameworks */ = {
			isa = PBXShellScriptBuildPhase;
			buildActionMask = 2147483647;
			files = (
			);
			inputFileListPaths = (
				"${PODS_ROOT}/Target Support Files/Pods-TranslationSpeechToText/Pods-TranslationSpeechToText-frameworks-${CONFIGURATION}-input-files.xcfilelist",
			);
			name = "[CP] Embed Pods Frameworks";
			outputFileListPaths = (
				"${PODS_ROOT}/Target Support Files/Pods-TranslationSpeechToText/Pods-TranslationSpeechToText-frameworks-${CONFIGURATION}-output-files.xcfilelist",
			);
			runOnlyForDeploymentPostprocessing = 0;
			shellPath = /bin/sh;
			shellScript = "\"${PODS_ROOT}/Target Support Files/Pods-TranslationSpeechToText/Pods-TranslationSpeechToText-frameworks.sh\"\n";
			showEnvVarsInLog = 0;
		};
/* End PBXShellScriptBuildPhase section */

/* Begin PBXSourcesBuildPhase section */
		CF5B082929E64C2300E51EB2 /* Sources */ = {
			isa = PBXSourcesBuildPhase;
			buildActionMask = 2147483647;
			files = (
				CFE8E7A429E68BCC0085FF94 /* GoogleTranslate.swift in Sources */,
				CF5B083529E64C2400E51EB2 /* ViewController.swift in Sources */,
				CF5B083129E64C2400E51EB2 /* AppDelegate.swift in Sources */,
				CF5B083329E64C2400E51EB2 /* SceneDelegate.swift in Sources */,
				CF5B083B29E64C2400E51EB2 /* TranslationSpeechToText.xcdatamodeld in Sources */,
			);
			runOnlyForDeploymentPostprocessing = 0;
		};
/* End PBXSourcesBuildPhase section */

/* Begin PBXVariantGroup section */
		CF5B083629E64C2400E51EB2 /* Main.storyboard */ = {
			isa = PBXVariantGroup;
			children = (
				CF5B083729E64C2400E51EB2 /* Base */,
			);
			name = Main.storyboard;
			sourceTree = "<group>";
		};
		CF5B083E29E64C2900E51EB2 /* LaunchScreen.storyboard */ = {
			isa = PBXVariantGroup;
			children = (
				CF5B083F29E64C2900E51EB2 /* Base */,
			);
			name = LaunchScreen.storyboard;
			sourceTree = "<group>";
		};
/* End PBXVariantGroup section */

/* Begin XCBuildConfiguration section */
		CF5B084229E64C2900E51EB2 /* Debug */ = {
			isa = XCBuildConfiguration;
			buildSettings = {
				ALWAYS_SEARCH_USER_PATHS = NO;
				CLANG_ANALYZER_NONNULL = YES;
				CLANG_ANALYZER_NUMBER_OBJECT_CONVERSION = YES_AGGRESSIVE;
				CLANG_CXX_LANGUAGE_STANDARD = "gnu++20";
				CLANG_ENABLE_MODULES = YES;
				CLANG_ENABLE_OBJC_ARC = YES;
				CLANG_ENABLE_OBJC_WEAK = YES;
				CLANG_WARN_BLOCK_CAPTURE_AUTORELEASING = YES;
				CLANG_WARN_BOOL_CONVERSION = YES;
				CLANG_WARN_COMMA = YES;
				CLANG_WARN_CONSTANT_CONVERSION = YES;
				CLANG_WARN_DEPRECATED_OBJC_IMPLEMENTATIONS = YES;
				CLANG_WARN_DIRECT_OBJC_ISA_USAGE = YES_ERROR;
				CLANG_WARN_DOCUMENTATION_COMMENTS = YES;
				CLANG_WARN_EMPTY_BODY = YES;
				CLANG_WARN_ENUM_CONVERSION = YES;
				CLANG_WARN_INFINITE_RECURSION = YES;
				CLANG_WARN_INT_CONVERSION = YES;
				CLANG_WARN_NON_LITERAL_NULL_CONVERSION = YES;
				CLANG_WARN_OBJC_IMPLICIT_RETAIN_SELF = YES;
				CLANG_WARN_OBJC_LITERAL_CONVERSION = YES;
				CLANG_WARN_OBJC_ROOT_CLASS = YES_ERROR;
				CLANG_WARN_QUOTED_INCLUDE_IN_FRAMEWORK_HEADER = YES;
				CLANG_WARN_RANGE_LOOP_ANALYSIS = YES;
				CLANG_WARN_STRICT_PROTOTYPES = YES;
				CLANG_WARN_SUSPICIOUS_MOVE = YES;
				CLANG_WARN_UNGUARDED_AVAILABILITY = YES_AGGRESSIVE;
				CLANG_WARN_UNREACHABLE_CODE = YES;
				CLANG_WARN__DUPLICATE_METHOD_MATCH = YES;
				COPY_PHASE_STRIP = NO;
				DEBUG_INFORMATION_FORMAT = dwarf;
				ENABLE_STRICT_OBJC_MSGSEND = YES;
				ENABLE_TESTABILITY = YES;
				GCC_C_LANGUAGE_STANDARD = gnu11;
				GCC_DYNAMIC_NO_PIC = NO;
				GCC_NO_COMMON_BLOCKS = YES;
				GCC_OPTIMIZATION_LEVEL = 0;
				GCC_PREPROCESSOR_DEFINITIONS = (
					"DEBUG=1",
					"$(inherited)",
				);
				GCC_WARN_64_TO_32_BIT_CONVERSION = YES;
				GCC_WARN_ABOUT_RETURN_TYPE = YES_ERROR;
				GCC_WARN_UNDECLARED_SELECTOR = YES;
				GCC_WARN_UNINITIALIZED_AUTOS = YES_AGGRESSIVE;
				GCC_WARN_UNUSED_FUNCTION = YES;
				GCC_WARN_UNUSED_VARIABLE = YES;
				IPHONEOS_DEPLOYMENT_TARGET = 16.2;
				MTL_ENABLE_DEBUG_INFO = INCLUDE_SOURCE;
				MTL_FAST_MATH = YES;
				ONLY_ACTIVE_ARCH = YES;
				SDKROOT = iphoneos;
				SWIFT_ACTIVE_COMPILATION_CONDITIONS = DEBUG;
				SWIFT_OPTIMIZATION_LEVEL = "-Onone";
			};
			name = Debug;
		};
		CF5B084329E64C2900E51EB2 /* Release */ = {
			isa = XCBuildConfiguration;
			buildSettings = {
				ALWAYS_SEARCH_USER_PATHS = NO;
				CLANG_ANALYZER_NONNULL = YES;
				CLANG_ANALYZER_NUMBER_OBJECT_CONVERSION = YES_AGGRESSIVE;
				CLANG_CXX_LANGUAGE_STANDARD = "gnu++20";
				CLANG_ENABLE_MODULES = YES;
				CLANG_ENABLE_OBJC_ARC = YES;
				CLANG_ENABLE_OBJC_WEAK = YES;
				CLANG_WARN_BLOCK_CAPTURE_AUTORELEASING = YES;
				CLANG_WARN_BOOL_CONVERSION = YES;
				CLANG_WARN_COMMA = YES;
				CLANG_WARN_CONSTANT_CONVERSION = YES;
				CLANG_WARN_DEPRECATED_OBJC_IMPLEMENTATIONS = YES;
				CLANG_WARN_DIRECT_OBJC_ISA_USAGE = YES_ERROR;
				CLANG_WARN_DOCUMENTATION_COMMENTS = YES;
				CLANG_WARN_EMPTY_BODY = YES;
				CLANG_WARN_ENUM_CONVERSION = YES;
				CLANG_WARN_INFINITE_RECURSION = YES;
				CLANG_WARN_INT_CONVERSION = YES;
				CLANG_WARN_NON_LITERAL_NULL_CONVERSION = YES;
				CLANG_WARN_OBJC_IMPLICIT_RETAIN_SELF = YES;
				CLANG_WARN_OBJC_LITERAL_CONVERSION = YES;
				CLANG_WARN_OBJC_ROOT_CLASS = YES_ERROR;
				CLANG_WARN_QUOTED_INCLUDE_IN_FRAMEWORK_HEADER = YES;
				CLANG_WARN_RANGE_LOOP_ANALYSIS = YES;
				CLANG_WARN_STRICT_PROTOTYPES = YES;
				CLANG_WARN_SUSPICIOUS_MOVE = YES;
				CLANG_WARN_UNGUARDED_AVAILABILITY = YES_AGGRESSIVE;
				CLANG_WARN_UNREACHABLE_CODE = YES;
				CLANG_WARN__DUPLICATE_METHOD_MATCH = YES;
				COPY_PHASE_STRIP = NO;
				DEBUG_INFORMATION_FORMAT = "dwarf-with-dsym";
				ENABLE_NS_ASSERTIONS = NO;
				ENABLE_STRICT_OBJC_MSGSEND = YES;
				GCC_C_LANGUAGE_STANDARD = gnu11;
				GCC_NO_COMMON_BLOCKS = YES;
				GCC_WARN_64_TO_32_BIT_CONVERSION = YES;
				GCC_WARN_ABOUT_RETURN_TYPE = YES_ERROR;
				GCC_WARN_UNDECLARED_SELECTOR = YES;
				GCC_WARN_UNINITIALIZED_AUTOS = YES_AGGRESSIVE;
				GCC_WARN_UNUSED_FUNCTION = YES;
				GCC_WARN_UNUSED_VARIABLE = YES;
				IPHONEOS_DEPLOYMENT_TARGET = 16.2;
				MTL_ENABLE_DEBUG_INFO = NO;
				MTL_FAST_MATH = YES;
				SDKROOT = iphoneos;
				SWIFT_COMPILATION_MODE = wholemodule;
				SWIFT_OPTIMIZATION_LEVEL = "-O";
				VALIDATE_PRODUCT = YES;
			};
			name = Release;
		};
		CF5B084529E64C2900E51EB2 /* Debug */ = {
			isa = XCBuildConfiguration;
			baseConfigurationReference = 086A1E960F0706B5533C53CA /* Pods-TranslationSpeechToText.debug.xcconfig */;
			buildSettings = {
				ASSETCATALOG_COMPILER_APPICON_NAME = AppIcon;
				ASSETCATALOG_COMPILER_GLOBAL_ACCENT_COLOR_NAME = AccentColor;
				CODE_SIGN_STYLE = Automatic;
				CURRENT_PROJECT_VERSION = 1;
				DEVELOPMENT_TEAM = FKVZG2YNQJ;
				GENERATE_INFOPLIST_FILE = YES;
				INFOPLIST_FILE = TranslationSpeechToText/Info.plist;
				INFOPLIST_KEY_UIApplicationSupportsIndirectInputEvents = YES;
				INFOPLIST_KEY_UILaunchStoryboardName = LaunchScreen;
				INFOPLIST_KEY_UIMainStoryboardFile = Main;
				INFOPLIST_KEY_UISupportedInterfaceOrientations_iPad = "UIInterfaceOrientationPortrait UIInterfaceOrientationPortraitUpsideDown UIInterfaceOrientationLandscapeLeft UIInterfaceOrientationLandscapeRight";
				INFOPLIST_KEY_UISupportedInterfaceOrientations_iPhone = "UIInterfaceOrientationPortrait UIInterfaceOrientationLandscapeLeft UIInterfaceOrientationLandscapeRight";
				LD_RUNPATH_SEARCH_PATHS = (
					"$(inherited)",
					"@executable_path/Frameworks",
				);
				MARKETING_VERSION = 1.0;
				PRODUCT_BUNDLE_IDENTIFIER = CodePath.TranslationSpeechToText;
				PRODUCT_NAME = "$(TARGET_NAME)";
				SWIFT_EMIT_LOC_STRINGS = YES;
				SWIFT_VERSION = 5.0;
				TARGETED_DEVICE_FAMILY = "1,2";
			};
			name = Debug;
		};
		CF5B084629E64C2900E51EB2 /* Release */ = {
			isa = XCBuildConfiguration;
			baseConfigurationReference = 89D5A214E168E6F88163CDC7 /* Pods-TranslationSpeechToText.release.xcconfig */;
			buildSettings = {
				ASSETCATALOG_COMPILER_APPICON_NAME = AppIcon;
				ASSETCATALOG_COMPILER_GLOBAL_ACCENT_COLOR_NAME = AccentColor;
				CODE_SIGN_STYLE = Automatic;
				CURRENT_PROJECT_VERSION = 1;
				DEVELOPMENT_TEAM = FKVZG2YNQJ;
				GENERATE_INFOPLIST_FILE = YES;
				INFOPLIST_FILE = TranslationSpeechToText/Info.plist;
				INFOPLIST_KEY_UIApplicationSupportsIndirectInputEvents = YES;
				INFOPLIST_KEY_UILaunchStoryboardName = LaunchScreen;
				INFOPLIST_KEY_UIMainStoryboardFile = Main;
				INFOPLIST_KEY_UISupportedInterfaceOrientations_iPad = "UIInterfaceOrientationPortrait UIInterfaceOrientationPortraitUpsideDown UIInterfaceOrientationLandscapeLeft UIInterfaceOrientationLandscapeRight";
				INFOPLIST_KEY_UISupportedInterfaceOrientations_iPhone = "UIInterfaceOrientationPortrait UIInterfaceOrientationLandscapeLeft UIInterfaceOrientationLandscapeRight";
				LD_RUNPATH_SEARCH_PATHS = (
					"$(inherited)",
					"@executable_path/Frameworks",
				);
				MARKETING_VERSION = 1.0;
				PRODUCT_BUNDLE_IDENTIFIER = CodePath.TranslationSpeechToText;
				PRODUCT_NAME = "$(TARGET_NAME)";
				SWIFT_EMIT_LOC_STRINGS = YES;
				SWIFT_VERSION = 5.0;
				TARGETED_DEVICE_FAMILY = "1,2";
			};
			name = Release;
		};
/* End XCBuildConfiguration section */

/* Begin XCConfigurationList section */
		CF5B082829E64C2300E51EB2 /* Build configuration list for PBXProject "TranslationSpeechToText" */ = {
			isa = XCConfigurationList;
			buildConfigurations = (
				CF5B084229E64C2900E51EB2 /* Debug */,
				CF5B084329E64C2900E51EB2 /* Release */,
			);
			defaultConfigurationIsVisible = 0;
			defaultConfigurationName = Release;
		};
		CF5B084429E64C2900E51EB2 /* Build configuration list for PBXNativeTarget "TranslationSpeechToText" */ = {
			isa = XCConfigurationList;
			buildConfigurations = (
				CF5B084529E64C2900E51EB2 /* Debug */,
				CF5B084629E64C2900E51EB2 /* Release */,
			);
			defaultConfigurationIsVisible = 0;
			defaultConfigurationName = Release;
		};
/* End XCConfigurationList section */

/* Begin XCVersionGroup section */
		CF5B083929E64C2400E51EB2 /* TranslationSpeechToText.xcdatamodeld */ = {
			isa = XCVersionGroup;
			children = (
				CF5B083A29E64C2400E51EB2 /* TranslationSpeechToText.xcdatamodel */,
			);
			currentVersion = CF5B083A29E64C2400E51EB2 /* TranslationSpeechToText.xcdatamodel */;
			path = TranslationSpeechToText.xcdatamodeld;
			sourceTree = "<group>";
			versionGroupType = wrapper.xcdatamodel;
		};
/* End XCVersionGroup section */
	};
	rootObject = CF5B082529E64C2300E51EB2 /* Project object */;
}
